Microsoft Visual Studio Solution File, Format Version 12.00
# Visual Studio Version 17
VisualStudioVersion = 17.0.31903.59
MinimumVisualStudioVersion = 10.0.40219.1
Project("{9A19103F-16F7-4668-BE54-9A1E7A4F7556}") = "CefSharp", "CefSharp\CefSharp.csproj", "{8BC9CEB8-8B4A-11D0-8D11-00A0C91BC942}"
EndProject
Project("{2150E333-8FDC-42A3-9474-1A3956D46DE8}") = "Solution Items", "Solution Items", "{8BC9CEB8-8B4A-11D0-8D11-00A0C91BC944}"
	ProjectSection(SolutionItems) = preProject
		CefSharp\Documentation\README.md = CefSharp\Documentation\README.md
		CefSharp\Documentation\SETUP.md = CefSharp\Documentation\SETUP.md
		CefSharp\Scripts\build.bat = CefSharp\Scripts\build.bat
		CefSharp\Scripts\publish.bat = CefSharp\Scripts\publish.bat
		.gitignore = .gitignore
	EndProjectSection
EndProject
Project("{2150E333-8FDC-42A3-9474-1A3956D46DE8}") = "Documentation", "Documentation", "{8BC9CEB8-8B4A-11D0-8D11-00A0C91BC945}"
	ProjectSection(SolutionItems) = preProject
		CefSharp\Documentation\README.md = CefSharp\Documentation\README.md
		CefSharp\Documentation\SETUP.md = CefSharp\Documentation\SETUP.md
	EndProjectSection
EndProject
Project("{2150E333-8FDC-42A3-9474-1A3956D46DE8}") = "Scripts", "Scripts", "{8BC9CEB8-8B4A-11D0-8D11-00A0C91BC946}"
	ProjectSection(SolutionItems) = preProject
		CefSharp\Scripts\build.bat = CefSharp\Scripts\build.bat
		CefSharp\Scripts\publish.bat = CefSharp\Scripts\publish.bat
		CefSharp\Scripts\setup.ps1 = CefSharp\Scripts\setup.ps1
	EndProjectSection
EndProject
Global
	GlobalSection(SolutionConfigurationPlatforms) = preSolution
		Debug|x64 = Debug|x64
		Release|x64 = Release|x64
	EndGlobalSection
	GlobalSection(ProjectConfigurationPlatforms) = postSolution
		{8BC9CEB8-8B4A-11D0-8D11-00A0C91BC942}.Debug|x64.ActiveCfg = Debug|x64
		{8BC9CEB8-8B4A-11D0-8D11-00A0C91BC942}.Debug|x64.Build.0 = Debug|x64
		{8BC9CEB8-8B4A-11D0-8D11-00A0C91BC942}.Release|x64.ActiveCfg = Release|x64
		{8BC9CEB8-8B4A-11D0-8D11-00A0C91BC942}.Release|x64.Build.0 = Release|x64
	EndGlobalSection
	GlobalSection(SolutionProperties) = preSolution
		HideSolutionNode = FALSE
	EndGlobalSection
	GlobalSection(NestedProjects) = preSolution
	EndGlobalSection
	GlobalSection(ExtensibilityGlobals) = postSolution
		SolutionGuid = {8BC9CEB8-8B4A-11D0-8D11-00A0C91BC947}
	EndGlobalSection
EndGlobal